
Microsoft Visual Studio Solution File, Format Version 12.00
# Visual Studio Version 17
VisualStudioVersion = 17.4.33205.214
MinimumVisualStudioVersion = 10.0.40219.1
Project("{2150E333-8FDC-42A3-9474-1A3956D46DE8}") = "Microservices", "Microservices", "{07270E0C-2577-400E-8DCB-0441A328272C}"
EndProject
Project("{2150E333-8FDC-42A3-9474-1A3956D46DE8}") = "APIGateway", "APIGateway", "{021E786A-7A2E-4F08-9F41-C9CA57FB673A}"
EndProject
Project("{9A19103F-16F7-4668-BE54-9A1E7A4F7556}") = "Shipping", "Shipping\Shipping.csproj", "{DE34795C-266F-471F-9F13-3705C9DBC70D}"
EndProject
Project("{2150E333-8FDC-42A3-9474-1A3956D46DE8}") = "Bff.Shopping", "Bff.Shopping", "{21257FC5-EFCE-4CBA-9D85-B8CD9E9A77A9}"
EndProject
Project("{FAE04EC0-301F-11D3-BF4B-00C04F79EFBC}") = "Shopping.Aggregator", "APIGateway\Bff.Shopping\Shopping.Aggregator\Shopping.Aggregator.csproj", "{9A881557-96FA-4056-8A1D-F9727189A443}"
EndProject
Global
	GlobalSection(SolutionConfigurationPlatforms) = preSolution
		Debug|Any CPU = Debug|Any CPU
		Release|Any CPU = Release|Any CPU
	EndGlobalSection
	GlobalSection(ProjectConfigurationPlatforms) = postSolution
		{DE34795C-266F-471F-9F13-3705C9DBC70D}.Debug|Any CPU.ActiveCfg = Debug|Any CPU
		{DE34795C-266F-471F-9F13-3705C9DBC70D}.Debug|Any CPU.Build.0 = Debug|Any CPU
		{DE34795C-266F-471F-9F13-3705C9DBC70D}.Release|Any CPU.ActiveCfg = Release|Any CPU
		{DE34795C-266F-471F-9F13-3705C9DBC70D}.Release|Any CPU.Build.0 = Release|Any CPU
		{9A881557-96FA-4056-8A1D-F9727189A443}.Debug|Any CPU.ActiveCfg = Debug|Any CPU
		{9A881557-96FA-4056-8A1D-F9727189A443}.Debug|Any CPU.Build.0 = Debug|Any CPU
		{9A881557-96FA-4056-8A1D-F9727189A443}.Release|Any CPU.ActiveCfg = Release|Any CPU
		{9A881557-96FA-4056-8A1D-F9727189A443}.Release|Any CPU.Build.0 = Release|Any CPU
	EndGlobalSection
	GlobalSection(SolutionProperties) = preSolution
		HideSolutionNode = FALSE
	EndGlobalSection
	GlobalSection(NestedProjects) = preSolution
		{DE34795C-266F-471F-9F13-3705C9DBC70D} = {07270E0C-2577-400E-8DCB-0441A328272C}
		{21257FC5-EFCE-4CBA-9D85-B8CD9E9A77A9} = {021E786A-7A2E-4F08-9F41-C9CA57FB673A}
		{9A881557-96FA-4056-8A1D-F9727189A443} = {21257FC5-EFCE-4CBA-9D85-B8CD9E9A77A9}
	EndGlobalSection
	GlobalSection(ExtensibilityGlobals) = postSolution
		SolutionGuid = {E66985AF-89C1-45B0-83F1-A0B11936C850}
	EndGlobalSection
EndGlobal
